{
  "name": "agent-annotation-schema-proposal",
  "version": "1.0.0",
  "lockfileVersion": 3,
  "requires": true,
  "packages": {
    "": {
      "name": "agent-annotation-schema-proposal",
      "license": "MIT",
      "devDependencies": {
        "@tsconfig/node-lts": "^24.0.0",
        "@tsconfig/vite-react": "^7.0.2",
        "@types/react": "^19.2.8",
        "typescript": "^5.9.3"
      },
      "engines": {
        "node": ">=22"
      }
    },
    "node_modules/@tsconfig/node-lts": {
      "version": "24.0.0",
      "resolved": "https://registry.npmjs.org/@tsconfig/node-lts/-/node-lts-24.0.0.tgz",
      "integrity": "sha512-8mSTqWwCd6aQpvxSrpQlMoA9RiUZSs7bYhL5qsLXIIaN9HQaINeoydrRu/Y7/fws4bvfuyhs0BRnW9/NI8tySg==",
      "dev": true,
      "license": "MIT"
    },
    "node_modules/@tsconfig/vite-react": {
      "version": "7.0.2",
      "resolved": "https://registry.npmjs.org/@tsconfig/vite-react/-/vite-react-7.0.2.tgz",
      "integrity": "sha512-lEj4y5SPRcH+bjw0tyuxrEnPqQUwfQzBKgd1YamD9xyet9zLwh2gwy5F8w/Nxg5DjdgYVjjKo5aLJUf0BTDz4w==",
      "dev": true,
      "license": "MIT"
    },
    "node_modules/@types/react": {
      "version": "19.2.8",
      "resolved": "https://registry.npmjs.org/@types/react/-/react-19.2.8.tgz",
      "integrity": "sha512-3MbSL37jEchWZz2p2mjntRZtPt837ij10ApxKfgmXCTuHWagYg7iA5bqPw6C8BMPfwidlvfPI/fxOc42HLhcyg==",
      "dev": true,
      "license": "MIT",
      "dependencies": {
        "csstype": "^3.2.2"
      }
    },
    "node_modules/csstype": {
      "version": "3.2.3",
      "resolved": "https://registry.npmjs.org/csstype/-/csstype-3.2.3.tgz",
      "integrity": "sha512-z1HGKcYy2xA8AGQfwrn0PAy+PB7X/GSj3UVJW9qKyn43xWa+gl5nXmU4qqLMRzWVLFC8KusUX8T/0kCiOYpAIQ==",
      "dev": true,
      "license": "MIT"
    },
    "node_modules/typescript": {
      "version": "5.9.3",
      "resolved": "https://registry.npmjs.org/typescript/-/typescript-5.9.3.tgz",
      "integrity": "sha512-jl1vZzPDinLr9eUt3J/t7V6FgNEw9QjvBPdysz9KfQDD41fQrC2Y4vKQdiaUpFT4bXlb1RHhLpp8wtm6M5TgSw==",
      "dev": true,
      "license": "Apache-2.0",
      "bin": {
        "tsc": "bin/tsc",
        "tsserver": "bin/tsserver"
      },
      "engines": {
        "node": ">=14.17"
      }
    }
  }
}
